
Microsoft Visual Studio Solution File, Format Version 12.00
# Visual Studio Version 17
VisualStudioVersion = 17.14.36408.4
MinimumVisualStudioVersion = 10.0.40219.1
Project("{FAE04EC0-301F-11D3-BF4B-00C04F79EFBC}") = "TCAdvancedLockPicking", "TCAdvancedLockPicking\TCAdvancedLockPicking.csproj", "{F90DEDCC-1469-4A61-B35C-652EDD04DFDD}"
EndProject
Project("{2150E333-8FDC-42A3-9474-1A3956D46DE8}") = "Solution Items", "Solution Items", "{089100B1-113F-4E66-888A-E83F3999EAFD}"
	ProjectSection(SolutionItems) = preProject
		README.md = README.md
		shared.targets = shared.targets
	EndProjectSection
EndProject
Project("{FAE04EC0-301F-11D3-BF4B-00C04F79EFBC}") = "TCDevTools", "TCDevTools\TCDevTools.csproj", "{06498BFE-F113-4B2A-A56E-F56F24BE867E}"
EndProject
Global
	GlobalSection(SolutionConfigurationPlatforms) = preSolution
		Debug|Any CPU = Debug|Any CPU
		Release|Any CPU = Release|Any CPU
	EndGlobalSection
	GlobalSection(ProjectConfigurationPlatforms) = postSolution
		{F90DEDCC-1469-4A61-B35C-652EDD04DFDD}.Debug|Any CPU.ActiveCfg = Debug|Any CPU
		{F90DEDCC-1469-4A61-B35C-652EDD04DFDD}.Debug|Any CPU.Build.0 = Debug|Any CPU
		{F90DEDCC-1469-4A61-B35C-652EDD04DFDD}.Release|Any CPU.ActiveCfg = Release|Any CPU
		{F90DEDCC-1469-4A61-B35C-652EDD04DFDD}.Release|Any CPU.Build.0 = Release|Any CPU
		{06498BFE-F113-4B2A-A56E-F56F24BE867E}.Debug|Any CPU.ActiveCfg = Debug|Any CPU
		{06498BFE-F113-4B2A-A56E-F56F24BE867E}.Debug|Any CPU.Build.0 = Debug|Any CPU
		{06498BFE-F113-4B2A-A56E-F56F24BE867E}.Release|Any CPU.ActiveCfg = Release|Any CPU
		{06498BFE-F113-4B2A-A56E-F56F24BE867E}.Release|Any CPU.Build.0 = Release|Any CPU
	EndGlobalSection
	GlobalSection(SolutionProperties) = preSolution
		HideSolutionNode = FALSE
	EndGlobalSection
	GlobalSection(ExtensibilityGlobals) = postSolution
		SolutionGuid = {1BF64F56-24BF-4A21-93D1-358EC5FB37FF}
	EndGlobalSection
EndGlobal
